{
  "name": "eldritch-thinking",
  "version": "0.1.0",
  "lockfileVersion": 3,
  "requires": true,
  "packages": {
    "": {
      "name": "eldritch-thinking",
      "version": "0.1.0",
      "license": "MIT",
      "bin": {
        "eldritch-thinking": "bin/eldritch-thinking.js"
      },
      "engines": {
        "node": ">=18"
      }
    }
  }
}
